// !$*UTF8*$!
{
	archiveVersion = 1;
	classes = {
	};
	objectVersion = 52;
	objects = {

/* Begin PBXBuildFile section */
		B4347F652710DBF90089EBA9 /* ReactiveMoya in Frameworks */ = {isa = PBXBuildFile; productRef = B4347F642710DBF90089EBA9 /* ReactiveMoya */; };
		B4347F672710DBF90089EBA9 /* CombineMoya in Frameworks */ = {isa = PBXBuildFile; productRef = B4347F662710DBF90089EBA9 /* CombineMoya */; };
		B4347F692710DBF90089EBA9 /* RxMoya in Frameworks */ = {isa = PBXBuildFile; productRef = B4347F682710DBF90089EBA9 /* RxMoya */; };
		B4347F6B2710DBF90089EBA9 /* Moya in Frameworks */ = {isa = PBXBuildFile; productRef = B4347F6A2710DBF90089EBA9 /* Moya */; };
		B4347F6E2710DC290089EBA9 /* Kingfisher in Frameworks */ = {isa = PBXBuildFile; productRef = B4347F6D2710DC290089EBA9 /* Kingfisher */; };
		B4347F712710DC380089EBA9 /* Toast in Frameworks */ = {isa = PBXBuildFile; productRef = B4347F702710DC380089EBA9 /* Toast */; };
		B45DEDC1271BE47500ABD448 /* NoMoreConsultantsCVFooterCell.swift in Sources */ = {isa = PBXBuildFile; fileRef = B45DEDBF271BE47500ABD448 /* NoMoreConsultantsCVFooterCell.swift */; };
		B45DEDC2271BE47500ABD448 /* NoMoreConsultantsCVFooterCell.xib in Resources */ = {isa = PBXBuildFile; fileRef = B45DEDC0271BE47500ABD448 /* NoMoreConsultantsCVFooterCell.xib */; };
		B4643543271D553000393F35 /* ProfileScreenPresenterProtocol.swift in Sources */ = {isa = PBXBuildFile; fileRef = B4643541271D553000393F35 /* ProfileScreenPresenterProtocol.swift */; };
		B4643544271D553000393F35 /* ProfileScreenViewProtocol.swift in Sources */ = {isa = PBXBuildFile; fileRef = B4643542271D553000393F35 /* ProfileScreenViewProtocol.swift */; };
		B4643547271D55A800393F35 /* HeaderCardView.swift in Sources */ = {isa = PBXBuildFile; fileRef = B4643546271D55A800393F35 /* HeaderCardView.swift */; };
		B4643554271D55BA00393F35 /* ProfileScreenCoordinator.swift in Sources */ = {isa = PBXBuildFile; fileRef = B464354A271D55BA00393F35 /* ProfileScreenCoordinator.swift */; };
		B4643555271D55BA00393F35 /* ProfileScreenCoordinator+CoordinatorProtocol.swift in Sources */ = {isa = PBXBuildFile; fileRef = B464354B271D55BA00393F35 /* ProfileScreenCoordinator+CoordinatorProtocol.swift */; };
		B4643556271D55BA00393F35 /* ProfileScreenPresenter+ProfileScreenPresenterProtocol.swift in Sources */ = {isa = PBXBuildFile; fileRef = B464354D271D55BA00393F35 /* ProfileScreenPresenter+ProfileScreenPresenterProtocol.swift */; };
		B4643557271D55BA00393F35 /* ProfileScreenPresenter.swift in Sources */ = {isa = PBXBuildFile; fileRef = B464354E271D55BA00393F35 /* ProfileScreenPresenter.swift */; };
		B4643558271D55BA00393F35 /* ProfileScreenVC+ProfileScreenViewProtocol.swift in Sources */ = {isa = PBXBuildFile; fileRef = B4643551271D55BA00393F35 /* ProfileScreenVC+ProfileScreenViewProtocol.swift */; };
		B4643559271D55BA00393F35 /* ProfileScreenVC.xib in Resources */ = {isa = PBXBuildFile; fileRef = B4643552271D55BA00393F35 /* ProfileScreenVC.xib */; };
		B464355A271D55BA00393F35 /* ProfileScreenVC.swift in Sources */ = {isa = PBXBuildFile; fileRef = B4643553271D55BA00393F35 /* ProfileScreenVC.swift */; };
		B464355C271D599900393F35 /* HeaderCardView.xib in Resources */ = {isa = PBXBuildFile; fileRef = B464355B271D599900393F35 /* HeaderCardView.xib */; };
		B4643561271D7F7E00393F35 /* CustomButtonView.swift in Sources */ = {isa = PBXBuildFile; fileRef = B4643560271D7F7E00393F35 /* CustomButtonView.swift */; };
		B4643563271D7F9200393F35 /* CustomButtonView.xib in Resources */ = {isa = PBXBuildFile; fileRef = B4643562271D7F9200393F35 /* CustomButtonView.xib */; };
		B4643567271D926B00393F35 /* SessionCell.swift in Sources */ = {isa = PBXBuildFile; fileRef = B4643565271D926B00393F35 /* SessionCell.swift */; };
		B4643568271D926B00393F35 /* SessionCell.xib in Resources */ = {isa = PBXBuildFile; fileRef = B4643566271D926B00393F35 /* SessionCell.xib */; };
		B464356F271D9BB700393F35 /* SessionsListHeader.swift in Sources */ = {isa = PBXBuildFile; fileRef = B464356D271D9BB700393F35 /* SessionsListHeader.swift */; };
		B4643570271D9BB700393F35 /* SessionsListHeader.xib in Resources */ = {isa = PBXBuildFile; fileRef = B464356E271D9BB700393F35 /* SessionsListHeader.xib */; };
		B4848B8727117B6A00C4A643 /* UIViewController+.swift in Sources */ = {isa = PBXBuildFile; fileRef = B4848B8627117B6A00C4A643 /* UIViewController+.swift */; };
		B4848B8B27117F6A00C4A643 /* UIBarButtonItem+.swift in Sources */ = {isa = PBXBuildFile; fileRef = B4848B8A27117F6A00C4A643 /* UIBarButtonItem+.swift */; };
		B4848B8E271186B800C4A643 /* NetworkMonitor.swift in Sources */ = {isa = PBXBuildFile; fileRef = B4848B8D271186B800C4A643 /* NetworkMonitor.swift */; };
		B4848B932711C92500C4A643 /* ConsultantCell.swift in Sources */ = {isa = PBXBuildFile; fileRef = B4848B912711C92500C4A643 /* ConsultantCell.swift */; };
		B4848B942711C92500C4A643 /* ConsultantCell.xib in Resources */ = {isa = PBXBuildFile; fileRef = B4848B922711C92500C4A643 /* ConsultantCell.xib */; };
		B4848B9C2711ED3D00C4A643 /* listScreenColors.txt in Resources */ = {isa = PBXBuildFile; fileRef = B4848B9A2711ED3D00C4A643 /* listScreenColors.txt */; };
		B4848BA727120A1600C4A643 /* 29LT Azer-Bold.OTF in Resources */ = {isa = PBXBuildFile; fileRef = B4848BA427120A1600C4A643 /* 29LT Azer-Bold.OTF */; };
		B4848BA827120A1600C4A643 /* 29LT Azer-Medium.OTF in Resources */ = {isa = PBXBuildFile; fileRef = B4848BA527120A1600C4A643 /* 29LT Azer-Medium.OTF */; };
		B4848BA927120A1600C4A643 /* 29LT Azer-Regular.OTF in Resources */ = {isa = PBXBuildFile; fileRef = B4848BA627120A1600C4A643 /* 29LT Azer-Regular.OTF */; };
		B4848BB427120E3A00C4A643 /* Assets.swift in Sources */ = {isa = PBXBuildFile; fileRef = B4848BB127120E3A00C4A643 /* Assets.swift */; };
		B4848BB527120E3A00C4A643 /* Fonts.swift in Sources */ = {isa = PBXBuildFile; fileRef = B4848BB227120E3A00C4A643 /* Fonts.swift */; };
		B4848BBD27121A7600C4A643 /* Strings.swift in Sources */ = {isa = PBXBuildFile; fileRef = B4848BBC27121A7600C4A643 /* Strings.swift */; };
		B4848BBF27121A8200C4A643 /* Localizable.strings in Resources */ = {isa = PBXBuildFile; fileRef = B4848BBE27121A8200C4A643 /* Localizable.strings */; };
		B4848BC327121DC700C4A643 /* HeadLabel.swift in Sources */ = {isa = PBXBuildFile; fileRef = B4848BC127121DC700C4A643 /* HeadLabel.swift */; };
		B4848BC427121DC700C4A643 /* HeadLabel.xib in Resources */ = {isa = PBXBuildFile; fileRef = B4848BC227121DC700C4A643 /* HeadLabel.xib */; };
		B499E5EB270D8DD3007E1BC8 /* AppDelegate.swift in Sources */ = {isa = PBXBuildFile; fileRef = B499E5EA270D8DD3007E1BC8 /* AppDelegate.swift */; };
		B499E5ED270D8DD3007E1BC8 /* SceneDelegate.swift in Sources */ = {isa = PBXBuildFile; fileRef = B499E5EC270D8DD3007E1BC8 /* SceneDelegate.swift */; };
		B499E5EF270D8DD3007E1BC8 /* ListScreenVC.swift in Sources */ = {isa = PBXBuildFile; fileRef = B499E5EE270D8DD3007E1BC8 /* ListScreenVC.swift */; };
		B499E5F4270D8DD4007E1BC8 /* Assets.xcassets in Resources */ = {isa = PBXBuildFile; fileRef = B499E5F3270D8DD4007E1BC8 /* Assets.xcassets */; };
		B499E5F7270D8DD4007E1BC8 /* LaunchScreen.storyboard in Resources */ = {isa = PBXBuildFile; fileRef = B499E5F5270D8DD4007E1BC8 /* LaunchScreen.storyboard */; };
		B499E608270D8F2A007E1BC8 /* swiftgen.yml in Resources */ = {isa = PBXBuildFile; fileRef = B499E607270D8F2A007E1BC8 /* swiftgen.yml */; };
		B499E60D270D9069007E1BC8 /* ListScreenVC.xib in Resources */ = {isa = PBXBuildFile; fileRef = B499E60C270D9069007E1BC8 /* ListScreenVC.xib */; };
		B499E60F270D92A5007E1BC8 /* RouterProtocol.swift in Sources */ = {isa = PBXBuildFile; fileRef = B499E60E270D92A5007E1BC8 /* RouterProtocol.swift */; };
		B499E611270D935D007E1BC8 /* CoordinatorProtocol.swift in Sources */ = {isa = PBXBuildFile; fileRef = B499E610270D935D007E1BC8 /* CoordinatorProtocol.swift */; };
		B499E613270D93C0007E1BC8 /* Router.swift in Sources */ = {isa = PBXBuildFile; fileRef = B499E612270D93C0007E1BC8 /* Router.swift */; };
		B499E615270D9458007E1BC8 /* Router+RouterProtocol.swift in Sources */ = {isa = PBXBuildFile; fileRef = B499E614270D9458007E1BC8 /* Router+RouterProtocol.swift */; };
		B499E617270D9E62007E1BC8 /* AppCoordinator.swift in Sources */ = {isa = PBXBuildFile; fileRef = B499E616270D9E62007E1BC8 /* AppCoordinator.swift */; };
		B499E619270D9F48007E1BC8 /* AppCoordinator+CoordinatorProtocol.swift in Sources */ = {isa = PBXBuildFile; fileRef = B499E618270D9F48007E1BC8 /* AppCoordinator+CoordinatorProtocol.swift */; };
		B499E61B270DA951007E1BC8 /* UIView+.swift in Sources */ = {isa = PBXBuildFile; fileRef = B499E61A270DA951007E1BC8 /* UIView+.swift */; };
		B499E621270DAF49007E1BC8 /* ListScreenCoordinator.swift in Sources */ = {isa = PBXBuildFile; fileRef = B499E620270DAF49007E1BC8 /* ListScreenCoordinator.swift */; };
		B499E623270DAFB5007E1BC8 /* ListScreenCoordinator+CoordinatorProtocol.swift in Sources */ = {isa = PBXBuildFile; fileRef = B499E622270DAFB5007E1BC8 /* ListScreenCoordinator+CoordinatorProtocol.swift */; };
		B499E62F270DCB4A007E1BC8 /* EnviromentVariables.swift in Sources */ = {isa = PBXBuildFile; fileRef = B499E62E270DCB4A007E1BC8 /* EnviromentVariables.swift */; };
		B4A5DA282712B879008BF561 /* ListScreenViewProtocol.swift in Sources */ = {isa = PBXBuildFile; fileRef = B4A5DA272712B879008BF561 /* ListScreenViewProtocol.swift */; };
		B4A5DA2A2712B8AA008BF561 /* ListScreenPresenterProtocol.swift in Sources */ = {isa = PBXBuildFile; fileRef = B4A5DA292712B8AA008BF561 /* ListScreenPresenterProtocol.swift */; };
		B4A5DA2C2712B8F9008BF561 /* ConsultantsInteractor.swift in Sources */ = {isa = PBXBuildFile; fileRef = B4A5DA2B2712B8F9008BF561 /* ConsultantsInteractor.swift */; };
		B4A5DA2E2712BA43008BF561 /* ConsultantCellProtocol.swift in Sources */ = {isa = PBXBuildFile; fileRef = B4A5DA2D2712BA43008BF561 /* ConsultantCellProtocol.swift */; };
		B4A5DA332712C232008BF561 /* Cosmos in Frameworks */ = {isa = PBXBuildFile; productRef = B4A5DA322712C232008BF561 /* Cosmos */; };
		B4C8D586271EB9630017E5AB /* SessionAppointmentCell.swift in Sources */ = {isa = PBXBuildFile; fileRef = B4C8D584271EB9630017E5AB /* SessionAppointmentCell.swift */; };
		B4C8D587271EB9630017E5AB /* SessionAppointmentCell.xib in Resources */ = {isa = PBXBuildFile; fileRef = B4C8D585271EB9630017E5AB /* SessionAppointmentCell.xib */; };
		B4C8D58A272336EE0017E5AB /* CustomSegmentedView.swift in Sources */ = {isa = PBXBuildFile; fileRef = B4C8D589272336EE0017E5AB /* CustomSegmentedView.swift */; };
		B4D3FCE62715D37800CF48F4 /* Reachability.swift in Sources */ = {isa = PBXBuildFile; fileRef = B4D3FCE52715D37800CF48F4 /* Reachability.swift */; };
		B4EB634F2712CE7400CB7122 /* StaticHeaderPlugin.swift in Sources */ = {isa = PBXBuildFile; fileRef = B4EB63472712CE7400CB7122 /* StaticHeaderPlugin.swift */; };
		B4EB63502712CE7400CB7122 /* NetworkManager.swift in Sources */ = {isa = PBXBuildFile; fileRef = B4EB63482712CE7400CB7122 /* NetworkManager.swift */; };
		B4EB63512712CE7400CB7122 /* NetworkDefaults.swift in Sources */ = {isa = PBXBuildFile; fileRef = B4EB63492712CE7400CB7122 /* NetworkDefaults.swift */; };
		B4EB63522712CE7400CB7122 /* NetworkError.swift in Sources */ = {isa = PBXBuildFile; fileRef = B4EB634A2712CE7400CB7122 /* NetworkError.swift */; };
		B4EB63532712CE7400CB7122 /* APIResponse.swift in Sources */ = {isa = PBXBuildFile; fileRef = B4EB634C2712CE7400CB7122 /* APIResponse.swift */; };
		B4EB63542712CE7400CB7122 /* NetworkManger+Service.swift in Sources */ = {isa = PBXBuildFile; fileRef = B4EB634E2712CE7400CB7122 /* NetworkManger+Service.swift */; };
		B4EB63562712ED7F00CB7122 /* ListScreen+ListScreenViewProtocol.swift in Sources */ = {isa = PBXBuildFile; fileRef = B4EB63552712ED7F00CB7122 /* ListScreen+ListScreenViewProtocol.swift */; };
		B4EB63592713013000CB7122 /* ConsultantCVAdapter.swift in Sources */ = {isa = PBXBuildFile; fileRef = B4EB63582713013000CB7122 /* ConsultantCVAdapter.swift */; };
		B4EB635C271302C800CB7122 /* ConsultantCVAdapter+UICollectionViewDataSource.swift in Sources */ = {isa = PBXBuildFile; fileRef = B4EB635B271302C800CB7122 /* ConsultantCVAdapter+UICollectionViewDataSource.swift */; };
		B4EB635E2713044500CB7122 /* ListScreenPresenter.swift in Sources */ = {isa = PBXBuildFile; fileRef = B4EB635D2713044500CB7122 /* ListScreenPresenter.swift */; };
		B4EB63602713055B00CB7122 /* ListScreenPresenter+ListScreenPresenterProtocol.swift in Sources */ = {isa = PBXBuildFile; fileRef = B4EB635F2713055B00CB7122 /* ListScreenPresenter+ListScreenPresenterProtocol.swift */; };
		B4EB63632713104B00CB7122 /* ConsultantCVAdapter+UICollectionViewDelegate.swift in Sources */ = {isa = PBXBuildFile; fileRef = B4EB63622713104B00CB7122 /* ConsultantCVAdapter+UICollectionViewDelegate.swift */; };
		B4EB6366271317C500CB7122 /* ConsultantsCVSections.swift in Sources */ = {isa = PBXBuildFile; fileRef = B4EB6365271317C500CB7122 /* ConsultantsCVSections.swift */; };
		B4EB636927131E0000CB7122 /* Consultant.swift in Sources */ = {isa = PBXBuildFile; fileRef = B4EB636827131E0000CB7122 /* Consultant.swift */; };
		B4EB636C2713217900CB7122 /* Pagination.swift in Sources */ = {isa = PBXBuildFile; fileRef = B4EB636B2713217900CB7122 /* Pagination.swift */; };
		B4EB63702713220600CB7122 /* Subject.swift in Sources */ = {isa = PBXBuildFile; fileRef = B4EB636F2713220600CB7122 /* Subject.swift */; };
		B4EB63742713236D00CB7122 /* SsoUser.swift in Sources */ = {isa = PBXBuildFile; fileRef = B4EB63732713236D00CB7122 /* SsoUser.swift */; };
		B4EB6376271323AC00CB7122 /* File.swift in Sources */ = {isa = PBXBuildFile; fileRef = B4EB6375271323AC00CB7122 /* File.swift */; };
		B4EB637B2713F7BC00CB7122 /* ConsultantsTarget.swift in Sources */ = {isa = PBXBuildFile; fileRef = B4EB637A2713F7BC00CB7122 /* ConsultantsTarget.swift */; };
		B4EB637D2713F7DC00CB7122 /* ConsultantTraget+TargetType.swift in Sources */ = {isa = PBXBuildFile; fileRef = B4EB637C2713F7DC00CB7122 /* ConsultantTraget+TargetType.swift */; };
		B4EB637F2714433A00CB7122 /* ViewDelegate.swift in Sources */ = {isa = PBXBuildFile; fileRef = B4EB637E2714433A00CB7122 /* ViewDelegate.swift */; };
		B4EB6381271443EE00CB7122 /* ListScreenVC+ViewDelegate.swift in Sources */ = {isa = PBXBuildFile; fileRef = B4EB6380271443EE00CB7122 /* ListScreenVC+ViewDelegate.swift */; };
		B4EB638327156FF200CB7122 /* Colors.swift in Sources */ = {isa = PBXBuildFile; fileRef = B4EB638227156FF200CB7122 /* Colors.swift */; };
		B4EB638A2715727B00CB7122 /* NoInternet.swift in Sources */ = {isa = PBXBuildFile; fileRef = B4EB63882715727B00CB7122 /* NoInternet.swift */; };
		B4EB638B2715727B00CB7122 /* NoInternet.xib in Resources */ = {isa = PBXBuildFile; fileRef = B4EB63892715727B00CB7122 /* NoInternet.xib */; };
		B4EB638F2715B57400CB7122 /* ListScreenVC+RetryActions.swift in Sources */ = {isa = PBXBuildFile; fileRef = B4EB638E2715B57400CB7122 /* ListScreenVC+RetryActions.swift */; };
/* End PBXBuildFile section */

/* Begin PBXFileReference section */
		B45DEDBF271BE47500ABD448 /* NoMoreConsultantsCVFooterCell.swift */ = {isa = PBXFileReference; lastKnownFileType = sourcecode.swift; path = NoMoreConsultantsCVFooterCell.swift; sourceTree = "<group>"; };
		B45DEDC0271BE47500ABD448 /* NoMoreConsultantsCVFooterCell.xib */ = {isa = PBXFileReference; lastKnownFileType = file.xib; path = NoMoreConsultantsCVFooterCell.xib; sourceTree = "<group>"; };
		B4643541271D553000393F35 /* ProfileScreenPresenterProtocol.swift */ = {isa = PBXFileReference; fileEncoding = 4; lastKnownFileType = sourcecode.swift; path = ProfileScreenPresenterProtocol.swift; sourceTree = "<group>"; };
		B4643542271D553000393F35 /* ProfileScreenViewProtocol.swift */ = {isa = PBXFileReference; fileEncoding = 4; lastKnownFileType = sourcecode.swift; path = ProfileScreenViewProtocol.swift; sourceTree = "<group>"; };
		B4643546271D55A800393F35 /* HeaderCardView.swift */ = {isa = PBXFileReference; fileEncoding = 4; lastKnownFileType = sourcecode.swift; path = HeaderCardView.swift; sourceTree = "<group>"; };
		B464354A271D55BA00393F35 /* ProfileScreenCoordinator.swift */ = {isa = PBXFileReference; fileEncoding = 4; lastKnownFileType = sourcecode.swift; path = ProfileScreenCoordinator.swift; sourceTree = "<group>"; };
		B464354B271D55BA00393F35 /* ProfileScreenCoordinator+CoordinatorProtocol.swift */ = {isa = PBXFileReference; fileEncoding = 4; lastKnownFileType = sourcecode.swift; path = "ProfileScreenCoordinator+CoordinatorProtocol.swift"; sourceTree = "<group>"; };
		B464354D271D55BA00393F35 /* ProfileScreenPresenter+ProfileScreenPresenterProtocol.swift */ = {isa = PBXFileReference; fileEncoding = 4; lastKnownFileType = sourcecode.swift; path = "ProfileScreenPresenter+ProfileScreenPresenterProtocol.swift"; sourceTree = "<group>"; };
		B464354E271D55BA00393F35 /* ProfileScreenPresenter.swift */ = {isa = PBXFileReference; fileEncoding = 4; lastKnownFileType = sourcecode.swift; path = ProfileScreenPresenter.swift; sourceTree = "<group>"; };
		B4643551271D55BA00393F35 /* ProfileScreenVC+ProfileScreenViewProtocol.swift */ = {isa = PBXFileReference; fileEncoding = 4; lastKnownFileType = sourcecode.swift; path = "ProfileScreenVC+ProfileScreenViewProtocol.swift"; sourceTree = "<group>"; };
		B4643552271D55BA00393F35 /* ProfileScreenVC.xib */ = {isa = PBXFileReference; fileEncoding = 4; lastKnownFileType = file.xib; path = ProfileScreenVC.xib; sourceTree = "<group>"; };
		B4643553271D55BA00393F35 /* ProfileScreenVC.swift */ = {isa = PBXFileReference; fileEncoding = 4; lastKnownFileType = sourcecode.swift; path = ProfileScreenVC.swift; sourceTree = "<group>"; };
		B464355B271D599900393F35 /* HeaderCardView.xib */ = {isa = PBXFileReference; lastKnownFileType = file.xib; path = HeaderCardView.xib; sourceTree = "<group>"; };
		B4643560271D7F7E00393F35 /* CustomButtonView.swift */ = {isa = PBXFileReference; lastKnownFileType = sourcecode.swift; path = CustomButtonView.swift; sourceTree = "<group>"; };
		B4643562271D7F9200393F35 /* CustomButtonView.xib */ = {isa = PBXFileReference; lastKnownFileType = file.xib; path = CustomButtonView.xib; sourceTree = "<group>"; };
		B4643565271D926B00393F35 /* SessionCell.swift */ = {isa = PBXFileReference; lastKnownFileType = sourcecode.swift; path = SessionCell.swift; sourceTree = "<group>"; };
		B4643566271D926B00393F35 /* SessionCell.xib */ = {isa = PBXFileReference; lastKnownFileType = file.xib; path = SessionCell.xib; sourceTree = "<group>"; };
		B464356D271D9BB700393F35 /* SessionsListHeader.swift */ = {isa = PBXFileReference; lastKnownFileType = sourcecode.swift; path = SessionsListHeader.swift; sourceTree = "<group>"; };
		B464356E271D9BB700393F35 /* SessionsListHeader.xib */ = {isa = PBXFileReference; lastKnownFileType = file.xib; path = SessionsListHeader.xib; sourceTree = "<group>"; };
		B4848B8627117B6A00C4A643 /* UIViewController+.swift */ = {isa = PBXFileReference; lastKnownFileType = sourcecode.swift; path = "UIViewController+.swift"; sourceTree = "<group>"; };
		B4848B8A27117F6A00C4A643 /* UIBarButtonItem+.swift */ = {isa = PBXFileReference; lastKnownFileType = sourcecode.swift; path = "UIBarButtonItem+.swift"; sourceTree = "<group>"; };
		B4848B8D271186B800C4A643 /* NetworkMonitor.swift */ = {isa = PBXFileReference; lastKnownFileType = sourcecode.swift; path = NetworkMonitor.swift; sourceTree = "<group>"; };
		B4848B912711C92500C4A643 /* ConsultantCell.swift */ = {isa = PBXFileReference; lastKnownFileType = sourcecode.swift; path = ConsultantCell.swift; sourceTree = "<group>"; };
		B4848B922711C92500C4A643 /* ConsultantCell.xib */ = {isa = PBXFileReference; lastKnownFileType = file.xib; path = ConsultantCell.xib; sourceTree = "<group>"; };
		B4848B9A2711ED3D00C4A643 /* listScreenColors.txt */ = {isa = PBXFileReference; fileEncoding = 4; lastKnownFileType = text; path = listScreenColors.txt; sourceTree = "<group>"; };
		B4848BA427120A1600C4A643 /* 29LT Azer-Bold.OTF */ = {isa = PBXFileReference; lastKnownFileType = file; path = "29LT Azer-Bold.OTF"; sourceTree = "<group>"; };
		B4848BA527120A1600C4A643 /* 29LT Azer-Medium.OTF */ = {isa = PBXFileReference; lastKnownFileType = file; path = "29LT Azer-Medium.OTF"; sourceTree = "<group>"; };
		B4848BA627120A1600C4A643 /* 29LT Azer-Regular.OTF */ = {isa = PBXFileReference; lastKnownFileType = file; path = "29LT Azer-Regular.OTF"; sourceTree = "<group>"; };
		B4848BB127120E3A00C4A643 /* Assets.swift */ = {isa = PBXFileReference; fileEncoding = 4; lastKnownFileType = sourcecode.swift; path = Assets.swift; sourceTree = "<group>"; };
		B4848BB227120E3A00C4A643 /* Fonts.swift */ = {isa = PBXFileReference; fileEncoding = 4; lastKnownFileType = sourcecode.swift; path = Fonts.swift; sourceTree = "<group>"; };
		B4848BBC27121A7600C4A643 /* Strings.swift */ = {isa = PBXFileReference; fileEncoding = 4; lastKnownFileType = sourcecode.swift; path = Strings.swift; sourceTree = "<group>"; };
		B4848BBE27121A8200C4A643 /* Localizable.strings */ = {isa = PBXFileReference; fileEncoding = 4; lastKnownFileType = text.plist.strings; path = Localizable.strings; sourceTree = "<group>"; };
		B4848BC127121DC700C4A643 /* HeadLabel.swift */ = {isa = PBXFileReference; fileEncoding = 4; lastKnownFileType = sourcecode.swift; path = HeadLabel.swift; sourceTree = "<group>"; };
		B4848BC227121DC700C4A643 /* HeadLabel.xib */ = {isa = PBXFileReference; fileEncoding = 4; lastKnownFileType = file.xib; path = HeadLabel.xib; sourceTree = "<group>"; };
		B499E5E7270D8DD3007E1BC8 /* moshaatTask.app */ = {isa = PBXFileReference; explicitFileType = wrapper.application; includeInIndex = 0; path = moshaatTask.app; sourceTree = BUILT_PRODUCTS_DIR; };
		B499E5EA270D8DD3007E1BC8 /* AppDelegate.swift */ = {isa = PBXFileReference; lastKnownFileType = sourcecode.swift; path = AppDelegate.swift; sourceTree = "<group>"; };
		B499E5EC270D8DD3007E1BC8 /* SceneDelegate.swift */ = {isa = PBXFileReference; lastKnownFileType = sourcecode.swift; path = SceneDelegate.swift; sourceTree = "<group>"; };
		B499E5EE270D8DD3007E1BC8 /* ListScreenVC.swift */ = {isa = PBXFileReference; lastKnownFileType = sourcecode.swift; path = ListScreenVC.swift; sourceTree = "<group>"; };
		B499E5F3270D8DD4007E1BC8 /* Assets.xcassets */ = {isa = PBXFileReference; lastKnownFileType = folder.assetcatalog; path = Assets.xcassets; sourceTree = "<group>"; };
		B499E5F6270D8DD4007E1BC8 /* Base */ = {isa = PBXFileReference; lastKnownFileType = file.storyboard; name = Base; path = Base.lproj/LaunchScreen.storyboard; sourceTree = "<group>"; };
		B499E5F8270D8DD4007E1BC8 /* Info.plist */ = {isa = PBXFileReference; lastKnownFileType = text.plist.xml; path = Info.plist; sourceTree = "<group>"; };
		B499E607270D8F2A007E1BC8 /* swiftgen.yml */ = {isa = PBXFileReference; fileEncoding = 4; lastKnownFileType = text.yaml; path = swiftgen.yml; sourceTree = "<group>"; };
		B499E60C270D9069007E1BC8 /* ListScreenVC.xib */ = {isa = PBXFileReference; lastKnownFileType = file.xib; path = ListScreenVC.xib; sourceTree = "<group>"; };
		B499E60E270D92A5007E1BC8 /* RouterProtocol.swift */ = {isa = PBXFileReference; lastKnownFileType = sourcecode.swift; path = RouterProtocol.swift; sourceTree = "<group>"; };
		B499E610270D935D007E1BC8 /* CoordinatorProtocol.swift */ = {isa = PBXFileReference; lastKnownFileType = sourcecode.swift; path = CoordinatorProtocol.swift; sourceTree = "<group>"; };
		B499E612270D93C0007E1BC8 /* Router.swift */ = {isa = PBXFileReference; lastKnownFileType = sourcecode.swift; path = Router.swift; sourceTree = "<group>"; };
		B499E614270D9458007E1BC8 /* Router+RouterProtocol.swift */ = {isa = PBXFileReference; lastKnownFileType = sourcecode.swift; path = "Router+RouterProtocol.swift"; sourceTree = "<group>"; };
		B499E616270D9E62007E1BC8 /* AppCoordinator.swift */ = {isa = PBXFileReference; lastKnownFileType = sourcecode.swift; path = AppCoordinator.swift; sourceTree = "<group>"; };
		B499E618270D9F48007E1BC8 /* AppCoordinator+CoordinatorProtocol.swift */ = {isa = PBXFileReference; lastKnownFileType = sourcecode.swift; path = "AppCoordinator+CoordinatorProtocol.swift"; sourceTree = "<group>"; };
		B499E61A270DA951007E1BC8 /* UIView+.swift */ = {isa = PBXFileReference; lastKnownFileType = sourcecode.swift; path = "UIView+.swift"; sourceTree = "<group>"; };
		B499E620270DAF49007E1BC8 /* ListScreenCoordinator.swift */ = {isa = PBXFileReference; lastKnownFileType = sourcecode.swift; path = ListScreenCoordinator.swift; sourceTree = "<group>"; };
		B499E622270DAFB5007E1BC8 /* ListScreenCoordinator+CoordinatorProtocol.swift */ = {isa = PBXFileReference; lastKnownFileType = sourcecode.swift; path = "ListScreenCoordinator+CoordinatorProtocol.swift"; sourceTree = "<group>"; };
		B499E62C270DBFEA007E1BC8 /* Stage.xcconfig */ = {isa = PBXFileReference; lastKnownFileType = text.xcconfig; path = Stage.xcconfig; sourceTree = "<group>"; };
		B499E62D270DC00C007E1BC8 /* Demo.xcconfig */ = {isa = PBXFileReference; lastKnownFileType = text.xcconfig; path = Demo.xcconfig; sourceTree = "<group>"; };
		B499E62E270DCB4A007E1BC8 /* EnviromentVariables.swift */ = {isa = PBXFileReference; lastKnownFileType = sourcecode.swift; path = EnviromentVariables.swift; sourceTree = "<group>"; };
		B4A5DA272712B879008BF561 /* ListScreenViewProtocol.swift */ = {isa = PBXFileReference; lastKnownFileType = sourcecode.swift; path = ListScreenViewProtocol.swift; sourceTree = "<group>"; };
		B4A5DA292712B8AA008BF561 /* ListScreenPresenterProtocol.swift */ = {isa = PBXFileReference; lastKnownFileType = sourcecode.swift; path = ListScreenPresenterProtocol.swift; sourceTree = "<group>"; };
		B4A5DA2B2712B8F9008BF561 /* ConsultantsInteractor.swift */ = {isa = PBXFileReference; lastKnownFileType = sourcecode.swift; path = ConsultantsInteractor.swift; sourceTree = "<group>"; };
		B4A5DA2D2712BA43008BF561 /* ConsultantCellProtocol.swift */ = {isa = PBXFileReference; lastKnownFileType = sourcecode.swift; path = ConsultantCellProtocol.swift; sourceTree = "<group>"; };
		B4C8D584271EB9630017E5AB /* SessionAppointmentCell.swift */ = {isa = PBXFileReference; lastKnownFileType = sourcecode.swift; path = SessionAppointmentCell.swift; sourceTree = "<group>"; };
		B4C8D585271EB9630017E5AB /* SessionAppointmentCell.xib */ = {isa = PBXFileReference; lastKnownFileType = file.xib; path = SessionAppointmentCell.xib; sourceTree = "<group>"; };
		B4C8D589272336EE0017E5AB /* CustomSegmentedView.swift */ = {isa = PBXFileReference; lastKnownFileType = sourcecode.swift; path = CustomSegmentedView.swift; sourceTree = "<group>"; };
		B4D3FCE52715D37800CF48F4 /* Reachability.swift */ = {isa = PBXFileReference; fileEncoding = 4; lastKnownFileType = sourcecode.swift; path = Reachability.swift; sourceTree = "<group>"; };
		B4EB63472712CE7400CB7122 /* StaticHeaderPlugin.swift */ = {isa = PBXFileReference; fileEncoding = 4; lastKnownFileType = sourcecode.swift; path = StaticHeaderPlugin.swift; sourceTree = "<group>"; };
		B4EB63482712CE7400CB7122 /* NetworkManager.swift */ = {isa = PBXFileReference; fileEncoding = 4; lastKnownFileType = sourcecode.swift; path = NetworkManager.swift; sourceTree = "<group>"; };
		B4EB63492712CE7400CB7122 /* NetworkDefaults.swift */ = {isa = PBXFileReference; fileEncoding = 4; lastKnownFileType = sourcecode.swift; path = NetworkDefaults.swift; sourceTree = "<group>"; };
		B4EB634A2712CE7400CB7122 /* NetworkError.swift */ = {isa = PBXFileReference; fileEncoding = 4; lastKnownFileType = sourcecode.swift; path = NetworkError.swift; sourceTree = "<group>"; };
		B4EB634C2712CE7400CB7122 /* APIResponse.swift */ = {isa = PBXFileReference; fileEncoding = 4; lastKnownFileType = sourcecode.swift; path = APIResponse.swift; sourceTree = "<group>"; };
		B4EB634E2712CE7400CB7122 /* NetworkManger+Service.swift */ = {isa = PBXFileReference; fileEncoding = 4; lastKnownFileType = sourcecode.swift; path = "NetworkManger+Service.swift"; sourceTree = "<group>"; };
		B4EB63552712ED7F00CB7122 /* ListScreen+ListScreenViewProtocol.swift */ = {isa = PBXFileReference; lastKnownFileType = sourcecode.swift; path = "ListScreen+ListScreenViewProtocol.swift"; sourceTree = "<group>"; };
		B4EB63582713013000CB7122 /* ConsultantCVAdapter.swift */ = {isa = PBXFileReference; lastKnownFileType = sourcecode.swift; path = ConsultantCVAdapter.swift; sourceTree = "<group>"; };
		B4EB635B271302C800CB7122 /* ConsultantCVAdapter+UICollectionViewDataSource.swift */ = {isa = PBXFileReference; lastKnownFileType = sourcecode.swift; path = "ConsultantCVAdapter+UICollectionViewDataSource.swift"; sourceTree = "<group>"; };
		B4EB635D2713044500CB7122 /* ListScreenPresenter.swift */ = {isa = PBXFileReference; lastKnownFileType = sourcecode.swift; path = ListScreenPresenter.swift; sourceTree = "<group>"; };
		B4EB635F2713055B00CB7122 /* ListScreenPresenter+ListScreenPresenterProtocol.swift */ = {isa = PBXFileReference; lastKnownFileType = sourcecode.swift; path = "ListScreenPresenter+ListScreenPresenterProtocol.swift"; sourceTree = "<group>"; };
		B4EB63622713104B00CB7122 /* ConsultantCVAdapter+UICollectionViewDelegate.swift */ = {isa = PBXFileReference; lastKnownFileType = sourcecode.swift; path = "ConsultantCVAdapter+UICollectionViewDelegate.swift"; sourceTree = "<group>"; };
		B4EB6365271317C500CB7122 /* ConsultantsCVSections.swift */ = {isa = PBXFileReference; lastKnownFileType = sourcecode.swift; path = ConsultantsCVSections.swift; sourceTree = "<group>"; };
		B4EB636827131E0000CB7122 /* Consultant.swift */ = {isa = PBXFileReference; lastKnownFileType = sourcecode.swift; path = Consultant.swift; sourceTree = "<group>"; };
		B4EB636B2713217900CB7122 /* Pagination.swift */ = {isa = PBXFileReference; lastKnownFileType = sourcecode.swift; path = Pagination.swift; sourceTree = "<group>"; };
		B4EB636F2713220600CB7122 /* Subject.swift */ = {isa = PBXFileReference; lastKnownFileType = sourcecode.swift; path = Subject.swift; sourceTree = "<group>"; };
		B4EB63732713236D00CB7122 /* SsoUser.swift */ = {isa = PBXFileReference; lastKnownFileType = sourcecode.swift; path = SsoUser.swift; sourceTree = "<group>"; };
		B4EB6375271323AC00CB7122 /* File.swift */ = {isa = PBXFileReference; lastKnownFileType = sourcecode.swift; path = File.swift; sourceTree = "<group>"; };
		B4EB637A2713F7BC00CB7122 /* ConsultantsTarget.swift */ = {isa = PBXFileReference; lastKnownFileType = sourcecode.swift; path = ConsultantsTarget.swift; sourceTree = "<group>"; };
		B4EB637C2713F7DC00CB7122 /* ConsultantTraget+TargetType.swift */ = {isa = PBXFileReference; lastKnownFileType = sourcecode.swift; path = "ConsultantTraget+TargetType.swift"; sourceTree = "<group>"; };
		B4EB637E2714433A00CB7122 /* ViewDelegate.swift */ = {isa = PBXFileReference; lastKnownFileType = sourcecode.swift; path = ViewDelegate.swift; sourceTree = "<group>"; };
		B4EB6380271443EE00CB7122 /* ListScreenVC+ViewDelegate.swift */ = {isa = PBXFileReference; lastKnownFileType = sourcecode.swift; path = "ListScreenVC+ViewDelegate.swift"; sourceTree = "<group>"; };
		B4EB638227156FF200CB7122 /* Colors.swift */ = {isa = PBXFileReference; fileEncoding = 4; lastKnownFileType = sourcecode.swift; path = Colors.swift; sourceTree = "<group>"; };
		B4EB63882715727B00CB7122 /* NoInternet.swift */ = {isa = PBXFileReference; lastKnownFileType = sourcecode.swift; path = NoInternet.swift; sourceTree = "<group>"; };
		B4EB63892715727B00CB7122 /* NoInternet.xib */ = {isa = PBXFileReference; lastKnownFileType = file.xib; path = NoInternet.xib; sourceTree = "<group>"; };
		B4EB638E2715B57400CB7122 /* ListScreenVC+RetryActions.swift */ = {isa = PBXFileReference; lastKnownFileType = sourcecode.swift; path = "ListScreenVC+RetryActions.swift"; sourceTree = "<group>"; };
/* End PBXFileReference section */

/* Begin PBXFrameworksBuildPhase section */
		B499E5E4270D8DD3007E1BC8 /* Frameworks */ = {
			isa = PBXFrameworksBuildPhase;
			buildActionMask = 2147483647;
			files = (
				B4347F712710DC380089EBA9 /* Toast in Frameworks */,
				B4347F692710DBF90089EBA9 /* RxMoya in Frameworks */,
				B4A5DA332712C232008BF561 /* Cosmos in Frameworks */,
				B4347F672710DBF90089EBA9 /* CombineMoya in Frameworks */,
				B4347F6B2710DBF90089EBA9 /* Moya in Frameworks */,
				B4347F652710DBF90089EBA9 /* ReactiveMoya in Frameworks */,
				B4347F6E2710DC290089EBA9 /* Kingfisher in Frameworks */,
			);
			runOnlyForDeploymentPostprocessing = 0;
		};
/* End PBXFrameworksBuildPhase section */

/* Begin PBXGroup section */
		B4347F602710DAA00089EBA9 /* Model */ = {
			isa = PBXGroup;
			children = (
				B49CA60D271EACAE0044F945 /* Session */,
				B4EB636A2713215400CB7122 /* Consultant */,
			);
			path = Model;
			sourceTree = "<group>";
		};
		B4347F612710DABC0089EBA9 /* Presenter */ = {
			isa = PBXGroup;
			children = (
				B4EB635D2713044500CB7122 /* ListScreenPresenter.swift */,
				B4EB635F2713055B00CB7122 /* ListScreenPresenter+ListScreenPresenterProtocol.swift */,
			);
			path = Presenter;
			sourceTree = "<group>";
		};
		B4347F622710DB020089EBA9 /* SupportFiles */ = {
			isa = PBXGroup;
			children = (
				B499E5F5270D8DD4007E1BC8 /* LaunchScreen.storyboard */,
				B499E5F8270D8DD4007E1BC8 /* Info.plist */,
			);
			path = SupportFiles;
			sourceTree = "<group>";
		};
		B4643540271D553000393F35 /* ProfileScreen+ */ = {
			isa = PBXGroup;
			children = (
				B4643541271D553000393F35 /* ProfileScreenPresenterProtocol.swift */,
				B4643542271D553000393F35 /* ProfileScreenViewProtocol.swift */,
			);
			path = "ProfileScreen+";
			sourceTree = "<group>";
		};
		B4643545271D55A800393F35 /* HeaderCardView */ = {
			isa = PBXGroup;
			children = (
				B4643546271D55A800393F35 /* HeaderCardView.swift */,
				B464355B271D599900393F35 /* HeaderCardView.xib */,
			);
			path = HeaderCardView;
			sourceTree = "<group>";
		};
		B4643548271D55BA00393F35 /* ProfileScreen */ = {
			isa = PBXGroup;
			children = (
				B4643571271D9BF800393F35 /* SessionsListTVDelegatesAdapter */,
				B4643549271D55BA00393F35 /* Coordinator */,
				B464354C271D55BA00393F35 /* Presenter */,
				B464354F271D55BA00393F35 /* View */,
			);
			path = ProfileScreen;
			sourceTree = "<group>";
		};
		B4643549271D55BA00393F35 /* Coordinator */ = {
			isa = PBXGroup;
			children = (
				B464354A271D55BA00393F35 /* ProfileScreenCoordinator.swift */,
				B464354B271D55BA00393F35 /* ProfileScreenCoordinator+CoordinatorProtocol.swift */,
			);
			path = Coordinator;
			sourceTree = "<group>";
		};
		B464354C271D55BA00393F35 /* Presenter */ = {
			isa = PBXGroup;
			children = (
				B464354D271D55BA00393F35 /* ProfileScreenPresenter+ProfileScreenPresenterProtocol.swift */,
				B464354E271D55BA00393F35 /* ProfileScreenPresenter.swift */,
			);
			path = Presenter;
			sourceTree = "<group>";
		};
		B464354F271D55BA00393F35 /* View */ = {
			isa = PBXGroup;
			children = (
				B4643564271D90BD00393F35 /* SessionsList */,
				B4643550271D55BA00393F35 /* ViewController */,
			);
			path = View;
			sourceTree = "<group>";
		};
		B4643550271D55BA00393F35 /* ViewController */ = {
			isa = PBXGroup;
			children = (
				B4643551271D55BA00393F35 /* ProfileScreenVC+ProfileScreenViewProtocol.swift */,
				B4643552271D55BA00393F35 /* ProfileScreenVC.xib */,
				B4643553271D55BA00393F35 /* ProfileScreenVC.swift */,
			);
			path = ViewController;
			sourceTree = "<group>";
		};
		B464355D271D76AB00393F35 /* CustomButtonView */ = {
			isa = PBXGroup;
			children = (
				B4643560271D7F7E00393F35 /* CustomButtonView.swift */,
				B4643562271D7F9200393F35 /* CustomButtonView.xib */,
			);
			path = CustomButtonView;
			sourceTree = "<group>";
		};
		B4643564271D90BD00393F35 /* SessionsList */ = {
			isa = PBXGroup;
			children = (
				B4643569271D9B1800393F35 /* Header */,
				B464356A271D9B4500393F35 /* Cell */,
			);
			path = SessionsList;
			sourceTree = "<group>";
		};
		B4643569271D9B1800393F35 /* Header */ = {
			isa = PBXGroup;
			children = (
				B464356D271D9BB700393F35 /* SessionsListHeader.swift */,
				B464356E271D9BB700393F35 /* SessionsListHeader.xib */,
			);
			path = Header;
			sourceTree = "<group>";
		};
		B464356A271D9B4500393F35 /* Cell */ = {
			isa = PBXGroup;
			children = (
				B4C8D583271EB81E0017E5AB /* AppoinmentCell */,
				B4643565271D926B00393F35 /* SessionCell.swift */,
				B4643566271D926B00393F35 /* SessionCell.xib */,
			);
			path = Cell;
			sourceTree = "<group>";
		};
		B4643571271D9BF800393F35 /* SessionsListTVDelegatesAdapter */ = {
			isa = PBXGroup;
			children = (
			);
			path = SessionsListTVDelegatesAdapter;
			sourceTree = "<group>";
		};
		B4848B8C2711865500C4A643 /* NetworkMonitor */ = {
			isa = PBXGroup;
			children = (
				B4D3FCE52715D37800CF48F4 /* Reachability.swift */,
				B4848B8D271186B800C4A643 /* NetworkMonitor.swift */,
			);
			path = NetworkMonitor;
			sourceTree = "<group>";
		};
		B4848B8F2711C8AE00C4A643 /* ViewController */ = {
			isa = PBXGroup;
			children = (
				B499E60C270D9069007E1BC8 /* ListScreenVC.xib */,
				B499E5EE270D8DD3007E1BC8 /* ListScreenVC.swift */,
				B4EB638E2715B57400CB7122 /* ListScreenVC+RetryActions.swift */,
				B4EB63552712ED7F00CB7122 /* ListScreen+ListScreenViewProtocol.swift */,
				B4EB6380271443EE00CB7122 /* ListScreenVC+ViewDelegate.swift */,
			);
			path = ViewController;
			sourceTree = "<group>";
		};
		B4848B902711C8C200C4A643 /* ConsultantCell */ = {
			isa = PBXGroup;
			children = (
				B4848B912711C92500C4A643 /* ConsultantCell.swift */,
				B4848B922711C92500C4A643 /* ConsultantCell.xib */,
				B45DEDBF271BE47500ABD448 /* NoMoreConsultantsCVFooterCell.swift */,
				B45DEDC0271BE47500ABD448 /* NoMoreConsultantsCVFooterCell.xib */,
			);
			path = ConsultantCell;
			sourceTree = "<group>";
		};
		B4848B982711ED3D00C4A643 /* Colors */ = {
			isa = PBXGroup;
			children = (
				B4848B9A2711ED3D00C4A643 /* listScreenColors.txt */,
			);
			path = Colors;
			sourceTree = "<group>";
		};
		B4848BA3271209F800C4A643 /* Fonts */ = {
			isa = PBXGroup;
			children = (
				B4848BA427120A1600C4A643 /* 29LT Azer-Bold.OTF */,
				B4848BA527120A1600C4A643 /* 29LT Azer-Medium.OTF */,
				B4848BA627120A1600C4A643 /* 29LT Azer-Regular.OTF */,
			);
			path = Fonts;
			sourceTree = "<group>";
		};
		B4848BAA27120D4400C4A643 /* Generated */ = {
			isa = PBXGroup;
			children = (
				B4848BB127120E3A00C4A643 /* Assets.swift */,
				B4848BB227120E3A00C4A643 /* Fonts.swift */,
				B4EB638227156FF200CB7122 /* Colors.swift */,
				B4848BBC27121A7600C4A643 /* Strings.swift */,
			);
			path = Generated;
			sourceTree = "<group>";
		};
		B4848BB7271211FC00C4A643 /* Strings */ = {
			isa = PBXGroup;
			children = (
				B4848BBE27121A8200C4A643 /* Localizable.strings */,
			);
			path = Strings;
			sourceTree = "<group>";
		};
		B4848BC027121DC700C4A643 /* HeaderLabel */ = {
			isa = PBXGroup;
			children = (
				B4848BC127121DC700C4A643 /* HeadLabel.swift */,
				B4848BC227121DC700C4A643 /* HeadLabel.xib */,
			);
			path = HeaderLabel;
			sourceTree = "<group>";
		};
		B499E5DE270D8DD3007E1BC8 = {
			isa = PBXGroup;
			children = (
				B499E607270D8F2A007E1BC8 /* swiftgen.yml */,
				B499E5E9270D8DD3007E1BC8 /* moshaatTask */,
				B499E5E8270D8DD3007E1BC8 /* Products */,
			);
			sourceTree = "<group>";
		};
		B499E5E8270D8DD3007E1BC8 /* Products */ = {
			isa = PBXGroup;
			children = (
				B499E5E7270D8DD3007E1BC8 /* moshaatTask.app */,
			);
			name = Products;
			sourceTree = "<group>";
		};
		B499E5E9270D8DD3007E1BC8 /* moshaatTask */ = {
			isa = PBXGroup;
			children = (
				B4347F622710DB020089EBA9 /* SupportFiles */,
				B499E62B270DBFBC007E1BC8 /* Configuration */,
				B499E5FE270D8DE3007E1BC8 /* Core */,
				B499E5FF270D8DEE007E1BC8 /* Resources */,
				B499E603270D8E22007E1BC8 /* Extentions */,
				B499E600270D8E05007E1BC8 /* AppCoordinator */,
				B499E602270D8E1A007E1BC8 /* Router */,
				B4EB63452712CE7400CB7122 /* NetworkManager */,
				B4EB63792713F6CF00CB7122 /* APITarget */,
				B4848B8C2711865500C4A643 /* NetworkMonitor */,
				B4347F602710DAA00089EBA9 /* Model */,
				B499E604270D8E68007E1BC8 /* Scenes */,
			);
			path = moshaatTask;
			sourceTree = "<group>";
		};
		B499E5FE270D8DE3007E1BC8 /* Core */ = {
			isa = PBXGroup;
			children = (
				B499E5EA270D8DD3007E1BC8 /* AppDelegate.swift */,
				B499E5EC270D8DD3007E1BC8 /* SceneDelegate.swift */,
			);
			path = Core;
			sourceTree = "<group>";
		};
		B499E5FF270D8DEE007E1BC8 /* Resources */ = {
			isa = PBXGroup;
			children = (
				B4848BAA27120D4400C4A643 /* Generated */,
				B4848BA3271209F800C4A643 /* Fonts */,
				B4848B982711ED3D00C4A643 /* Colors */,
				B499E60B270D9014007E1BC8 /* Assets */,
				B4848BB7271211FC00C4A643 /* Strings */,
			);
			path = Resources;
			sourceTree = "<group>";
		};
		B499E600270D8E05007E1BC8 /* AppCoordinator */ = {
			isa = PBXGroup;
			children = (
				B499E616270D9E62007E1BC8 /* AppCoordinator.swift */,
				B499E618270D9F48007E1BC8 /* AppCoordinator+CoordinatorProtocol.swift */,
			);
			path = AppCoordinator;
			sourceTree = "<group>";
		};
		B499E602270D8E1A007E1BC8 /* Router */ = {
			isa = PBXGroup;
			children = (
				B499E612270D93C0007E1BC8 /* Router.swift */,
				B499E614270D9458007E1BC8 /* Router+RouterProtocol.swift */,
			);
			path = Router;
			sourceTree = "<group>";
		};
		B499E603270D8E22007E1BC8 /* Extentions */ = {
			isa = PBXGroup;
			children = (
				B4643540271D553000393F35 /* ProfileScreen+ */,
				B4A5DA262712B84C008BF561 /* ListScreen+ */,
				B499E60E270D92A5007E1BC8 /* RouterProtocol.swift */,
				B499E610270D935D007E1BC8 /* CoordinatorProtocol.swift */,
				B499E61A270DA951007E1BC8 /* UIView+.swift */,
				B4848B8627117B6A00C4A643 /* UIViewController+.swift */,
				B4848B8A27117F6A00C4A643 /* UIBarButtonItem+.swift */,
			);
			path = Extentions;
			sourceTree = "<group>";
		};
		B499E604270D8E68007E1BC8 /* Scenes */ = {
			isa = PBXGroup;
			children = (
				B4C8D588272336C90017E5AB /* CustomSegementedView */,
				B464355D271D76AB00393F35 /* CustomButtonView */,
				B4EB63642713112800CB7122 /* NoInternet */,
				B4643545271D55A800393F35 /* HeaderCardView */,
				B4848BC027121DC700C4A643 /* HeaderLabel */,
				B499E61C270DAB7D007E1BC8 /* ListScreen */,
				B4643548271D55BA00393F35 /* ProfileScreen */,
			);
			path = Scenes;
			sourceTree = "<group>";
		};
		B499E60B270D9014007E1BC8 /* Assets */ = {
			isa = PBXGroup;
			children = (
				B499E5F3270D8DD4007E1BC8 /* Assets.xcassets */,
			);
			path = Assets;
			sourceTree = "<group>";
		};
		B499E61C270DAB7D007E1BC8 /* ListScreen */ = {
			isa = PBXGroup;
			children = (
				B4EB636127130C2600CB7122 /* ConsultantsCVDelegatesAdapter */,
				B4A5DA252712B726008BF561 /* Interactor */,
				B499E61E270DAF14007E1BC8 /* Coordinator */,
				B4347F612710DABC0089EBA9 /* Presenter */,
				B499E61D270DAEFB007E1BC8 /* View */,
			);
			path = ListScreen;
			sourceTree = "<group>";
		};
		B499E61D270DAEFB007E1BC8 /* View */ = {
			isa = PBXGroup;
			children = (
				B4848B902711C8C200C4A643 /* ConsultantCell */,
				B4848B8F2711C8AE00C4A643 /* ViewController */,
			);
			path = View;
			sourceTree = "<group>";
		};
		B499E61E270DAF14007E1BC8 /* Coordinator */ = {
			isa = PBXGroup;
			children = (
				B499E620270DAF49007E1BC8 /* ListScreenCoordinator.swift */,
				B499E622270DAFB5007E1BC8 /* ListScreenCoordinator+CoordinatorProtocol.swift */,
			);
			path = Coordinator;
			sourceTree = "<group>";
		};
		B499E62B270DBFBC007E1BC8 /* Configuration */ = {
			isa = PBXGroup;
			children = (
				B499E62C270DBFEA007E1BC8 /* Stage.xcconfig */,
				B499E62D270DC00C007E1BC8 /* Demo.xcconfig */,
				B499E62E270DCB4A007E1BC8 /* EnviromentVariables.swift */,
			);
			path = Configuration;
			sourceTree = "<group>";
		};
		B49CA60D271EACAE0044F945 /* Session */ = {
			isa = PBXGroup;
			children = (
			);
			path = Session;
			sourceTree = "<group>";
		};
		B4A5DA252712B726008BF561 /* Interactor */ = {
			isa = PBXGroup;
			children = (
				B4A5DA2B2712B8F9008BF561 /* ConsultantsInteractor.swift */,
			);
			path = Interactor;
			sourceTree = "<group>";
		};
		B4A5DA262712B84C008BF561 /* ListScreen+ */ = {
			isa = PBXGroup;
			children = (
				B4A5DA272712B879008BF561 /* ListScreenViewProtocol.swift */,
				B4A5DA292712B8AA008BF561 /* ListScreenPresenterProtocol.swift */,
				B4A5DA2D2712BA43008BF561 /* ConsultantCellProtocol.swift */,
				B4EB637E2714433A00CB7122 /* ViewDelegate.swift */,
			);
			path = "ListScreen+";
			sourceTree = "<group>";
		};
		B4C8D583271EB81E0017E5AB /* AppoinmentCell */ = {
			isa = PBXGroup;
			children = (
				B4C8D584271EB9630017E5AB /* SessionAppointmentCell.swift */,
				B4C8D585271EB9630017E5AB /* SessionAppointmentCell.xib */,
			);
			path = AppoinmentCell;
			sourceTree = "<group>";
		};
		B4C8D588272336C90017E5AB /* CustomSegementedView */ = {
			isa = PBXGroup;
			children = (
				B4C8D589272336EE0017E5AB /* CustomSegmentedView.swift */,
			);
			path = CustomSegementedView;
			sourceTree = "<group>";
		};
		B4EB63452712CE7400CB7122 /* NetworkManager */ = {
			isa = PBXGroup;
			children = (
				B4EB63462712CE7400CB7122 /* Core */,
				B4EB634B2712CE7400CB7122 /* BaseModel */,
				B4EB634D2712CE7400CB7122 /* Service */,
			);
			path = NetworkManager;
			sourceTree = "<group>";
		};
		B4EB63462712CE7400CB7122 /* Core */ = {
			isa = PBXGroup;
			children = (
				B4EB63472712CE7400CB7122 /* StaticHeaderPlugin.swift */,
				B4EB63482712CE7400CB7122 /* NetworkManager.swift */,
				B4EB63492712CE7400CB7122 /* NetworkDefaults.swift */,
				B4EB634A2712CE7400CB7122 /* NetworkError.swift */,
			);
			path = Core;
			sourceTree = "<group>";
		};
		B4EB634B2712CE7400CB7122 /* BaseModel */ = {
			isa = PBXGroup;
			children = (
				B4EB634C2712CE7400CB7122 /* APIResponse.swift */,
			);
			path = BaseModel;
			sourceTree = "<group>";
		};
		B4EB634D2712CE7400CB7122 /* Service */ = {
			isa = PBXGroup;
			children = (
				B4EB634E2712CE7400CB7122 /* NetworkManger+Service.swift */,
			);
			path = Service;
			sourceTree = "<group>";
		};
		B4EB636127130C2600CB7122 /* ConsultantsCVDelegatesAdapter */ = {
			isa = PBXGroup;
			children = (
				B4EB63582713013000CB7122 /* ConsultantCVAdapter.swift */,
				B4EB6365271317C500CB7122 /* ConsultantsCVSections.swift */,
				B4EB63622713104B00CB7122 /* ConsultantCVAdapter+UICollectionViewDelegate.swift */,
				B4EB635B271302C800CB7122 /* ConsultantCVAdapter+UICollectionViewDataSource.swift */,
			);
			path = ConsultantsCVDelegatesAdapter;
			sourceTree = "<group>";
		};
		B4EB63642713112800CB7122 /* NoInternet */ = {
			isa = PBXGroup;
			children = (
				B4EB63882715727B00CB7122 /* NoInternet.swift */,
				B4EB63892715727B00CB7122 /* NoInternet.xib */,
			);
			path = NoInternet;
			sourceTree = "<group>";
		};
		B4EB636A2713215400CB7122 /* Consultant */ = {
			isa = PBXGroup;
			children = (
				B4EB636827131E0000CB7122 /* Consultant.swift */,
				B4EB636B2713217900CB7122 /* Pagination.swift */,
				B4EB636F2713220600CB7122 /* Subject.swift */,
				B4EB63732713236D00CB7122 /* SsoUser.swift */,
				B4EB6375271323AC00CB7122 /* File.swift */,
			);
			path = Consultant;
			sourceTree = "<group>";
		};
		B4EB63792713F6CF00CB7122 /* APITarget */ = {
			isa = PBXGroup;
			children = (
				B4EB637A2713F7BC00CB7122 /* ConsultantsTarget.swift */,
				B4EB637C2713F7DC00CB7122 /* ConsultantTraget+TargetType.swift */,
			);
			path = APITarget;
			sourceTree = "<group>";
		};
/* End PBXGroup section */

/* Begin PBXNativeTarget section */
		B499E5E6270D8DD3007E1BC8 /* moshaatTask */ = {
			isa = PBXNativeTarget;
			buildConfigurationList = B499E5FB270D8DD4007E1BC8 /* Build configuration list for PBXNativeTarget "moshaatTask" */;
			buildPhases = (
				B499E605270D8EDC007E1BC8 /* SwiftLint */,
				B499E606270D8EE5007E1BC8 /* SwiftGen */,
				B499E5E3270D8DD3007E1BC8 /* Sources */,
				B499E5E4270D8DD3007E1BC8 /* Frameworks */,
				B499E5E5270D8DD3007E1BC8 /* Resources */,
			);
			buildRules = (
			);
			dependencies = (
			);
			name = moshaatTask;
			packageProductDependencies = (
				B4347F642710DBF90089EBA9 /* ReactiveMoya */,
				B4347F662710DBF90089EBA9 /* CombineMoya */,
				B4347F682710DBF90089EBA9 /* RxMoya */,
				B4347F6A2710DBF90089EBA9 /* Moya */,
				B4347F6D2710DC290089EBA9 /* Kingfisher */,
				B4347F702710DC380089EBA9 /* Toast */,
				B4A5DA322712C232008BF561 /* Cosmos */,
			);
			productName = moshaatTask;
			productReference = B499E5E7270D8DD3007E1BC8 /* moshaatTask.app */;
			productType = "com.apple.product-type.application";
		};
/* End PBXNativeTarget section */

/* Begin PBXProject section */
		B499E5DF270D8DD3007E1BC8 /* Project object */ = {
			isa = PBXProject;
			attributes = {
				LastSwiftUpdateCheck = 1250;
				LastUpgradeCheck = 1250;
				TargetAttributes = {
					B499E5E6270D8DD3007E1BC8 = {
						CreatedOnToolsVersion = 12.5;
					};
				};
			};
			buildConfigurationList = B499E5E2270D8DD3007E1BC8 /* Build configuration list for PBXProject "moshaatTask" */;
			compatibilityVersion = "Xcode 9.3";
			developmentRegion = en;
			hasScannedForEncodings = 0;
			knownRegions = (
				en,
				Base,
			);
			mainGroup = B499E5DE270D8DD3007E1BC8;
			packageReferences = (
				B4347F632710DBF90089EBA9 /* XCRemoteSwiftPackageReference "Moya" */,
				B4347F6C2710DC290089EBA9 /* XCRemoteSwiftPackageReference "Kingfisher" */,
				B4347F6F2710DC380089EBA9 /* XCRemoteSwiftPackageReference "Toast-Swift" */,
				B4A5DA312712C232008BF561 /* XCRemoteSwiftPackageReference "Cosmos" */,
			);
			productRefGroup = B499E5E8270D8DD3007E1BC8 /* Products */;
			projectDirPath = "";
			projectRoot = "";
			targets = (
				B499E5E6270D8DD3007E1BC8 /* moshaatTask */,
			);
		};
/* End PBXProject section */

/* Begin PBXResourcesBuildPhase section */
		B499E5E5270D8DD3007E1BC8 /* Resources */ = {
			isa = PBXResourcesBuildPhase;
			buildActionMask = 2147483647;
			files = (
				B4848B942711C92500C4A643 /* ConsultantCell.xib in Resources */,
				B499E5F7270D8DD4007E1BC8 /* LaunchScreen.storyboard in Resources */,
				B4848B9C2711ED3D00C4A643 /* listScreenColors.txt in Resources */,
				B4643570271D9BB700393F35 /* SessionsListHeader.xib in Resources */,
				B499E5F4270D8DD4007E1BC8 /* Assets.xcassets in Resources */,
				B45DEDC2271BE47500ABD448 /* NoMoreConsultantsCVFooterCell.xib in Resources */,
				B4848BA727120A1600C4A643 /* 29LT Azer-Bold.OTF in Resources */,
				B4643559271D55BA00393F35 /* ProfileScreenVC.xib in Resources */,
				B4643568271D926B00393F35 /* SessionCell.xib in Resources */,
				B4848BBF27121A8200C4A643 /* Localizable.strings in Resources */,
				B4643563271D7F9200393F35 /* CustomButtonView.xib in Resources */,
				B4C8D587271EB9630017E5AB /* SessionAppointmentCell.xib in Resources */,
				B464355C271D599900393F35 /* HeaderCardView.xib in Resources */,
				B499E60D270D9069007E1BC8 /* ListScreenVC.xib in Resources */,
				B4848BA827120A1600C4A643 /* 29LT Azer-Medium.OTF in Resources */,
				B4EB638B2715727B00CB7122 /* NoInternet.xib in Resources */,
				B4848BC427121DC700C4A643 /* HeadLabel.xib in Resources */,
				B499E608270D8F2A007E1BC8 /* swiftgen.yml in Resources */,
				B4848BA927120A1600C4A643 /* 29LT Azer-Regular.OTF in Resources */,
			);
			runOnlyForDeploymentPostprocessing = 0;
		};
/* End PBXResourcesBuildPhase section */

/* Begin PBXShellScriptBuildPhase section */
		B499E605270D8EDC007E1BC8 /* SwiftLint */ = {
			isa = PBXShellScriptBuildPhase;
			buildActionMask = 2147483647;
			files = (
			);
			inputFileListPaths = (
			);
			inputPaths = (
			);
			name = SwiftLint;
			outputFileListPaths = (
			);
			outputPaths = (
			);
			runOnlyForDeploymentPostprocessing = 0;
			shellPath = /bin/sh;
			shellScript = "swiftlint\n";
		};
		B499E606270D8EE5007E1BC8 /* SwiftGen */ = {
			isa = PBXShellScriptBuildPhase;
			buildActionMask = 2147483647;
			files = (
			);
			inputFileListPaths = (
			);
			inputPaths = (
			);
			name = SwiftGen;
			outputFileListPaths = (
			);
			outputPaths = (
			);
			runOnlyForDeploymentPostprocessing = 0;
			shellPath = /bin/sh;
			shellScript = "swiftgen\n";
		};
/* End PBXShellScriptBuildPhase section */

/* Begin PBXSourcesBuildPhase section */
		B499E5E3270D8DD3007E1BC8 /* Sources */ = {
			isa = PBXSourcesBuildPhase;
			buildActionMask = 2147483647;
			files = (
				B4C8D58A272336EE0017E5AB /* CustomSegmentedView.swift in Sources */,
				B499E623270DAFB5007E1BC8 /* ListScreenCoordinator+CoordinatorProtocol.swift in Sources */,
				B4EB634F2712CE7400CB7122 /* StaticHeaderPlugin.swift in Sources */,
				B4EB6381271443EE00CB7122 /* ListScreenVC+ViewDelegate.swift in Sources */,
				B499E5EF270D8DD3007E1BC8 /* ListScreenVC.swift in Sources */,
				B464355A271D55BA00393F35 /* ProfileScreenVC.swift in Sources */,
				B4A5DA2C2712B8F9008BF561 /* ConsultantsInteractor.swift in Sources */,
				B499E5EB270D8DD3007E1BC8 /* AppDelegate.swift in Sources */,
				B4EB637B2713F7BC00CB7122 /* ConsultantsTarget.swift in Sources */,
				B4EB636927131E0000CB7122 /* Consultant.swift in Sources */,
				B4848B932711C92500C4A643 /* ConsultantCell.swift in Sources */,
				B499E621270DAF49007E1BC8 /* ListScreenCoordinator.swift in Sources */,
				B4848BC327121DC700C4A643 /* HeadLabel.swift in Sources */,
				B4643555271D55BA00393F35 /* ProfileScreenCoordinator+CoordinatorProtocol.swift in Sources */,
				B4EB63522712CE7400CB7122 /* NetworkError.swift in Sources */,
				B4EB635E2713044500CB7122 /* ListScreenPresenter.swift in Sources */,
				B499E62F270DCB4A007E1BC8 /* EnviromentVariables.swift in Sources */,
				B4643556271D55BA00393F35 /* ProfileScreenPresenter+ProfileScreenPresenterProtocol.swift in Sources */,
				B4848B8727117B6A00C4A643 /* UIViewController+.swift in Sources */,
				B4EB636C2713217900CB7122 /* Pagination.swift in Sources */,
				B499E611270D935D007E1BC8 /* CoordinatorProtocol.swift in Sources */,
				B4EB638A2715727B00CB7122 /* NoInternet.swift in Sources */,
				B4848BB427120E3A00C4A643 /* Assets.swift in Sources */,
				B4EB63742713236D00CB7122 /* SsoUser.swift in Sources */,
				B4EB63592713013000CB7122 /* ConsultantCVAdapter.swift in Sources */,
				B4643547271D55A800393F35 /* HeaderCardView.swift in Sources */,
				B4643554271D55BA00393F35 /* ProfileScreenCoordinator.swift in Sources */,
				B4EB63702713220600CB7122 /* Subject.swift in Sources */,
				B499E613270D93C0007E1BC8 /* Router.swift in Sources */,
				B4848B8E271186B800C4A643 /* NetworkMonitor.swift in Sources */,
				B499E60F270D92A5007E1BC8 /* RouterProtocol.swift in Sources */,
				B4848BBD27121A7600C4A643 /* Strings.swift in Sources */,
				B4643557271D55BA00393F35 /* ProfileScreenPresenter.swift in Sources */,
				B4643544271D553000393F35 /* ProfileScreenViewProtocol.swift in Sources */,
				B4EB638327156FF200CB7122 /* Colors.swift in Sources */,
				B4EB638F2715B57400CB7122 /* ListScreenVC+RetryActions.swift in Sources */,
				B4EB63562712ED7F00CB7122 /* ListScreen+ListScreenViewProtocol.swift in Sources */,
				B4EB6376271323AC00CB7122 /* File.swift in Sources */,
				B4EB63632713104B00CB7122 /* ConsultantCVAdapter+UICollectionViewDelegate.swift in Sources */,
				B4EB63532712CE7400CB7122 /* APIResponse.swift in Sources */,
				B4EB637F2714433A00CB7122 /* ViewDelegate.swift in Sources */,
				B4A5DA282712B879008BF561 /* ListScreenViewProtocol.swift in Sources */,
				B4643567271D926B00393F35 /* SessionCell.swift in Sources */,
				B4EB637D2713F7DC00CB7122 /* ConsultantTraget+TargetType.swift in Sources */,
				B4643558271D55BA00393F35 /* ProfileScreenVC+ProfileScreenViewProtocol.swift in Sources */,
				B4C8D586271EB9630017E5AB /* SessionAppointmentCell.swift in Sources */,
				B4A5DA2A2712B8AA008BF561 /* ListScreenPresenterProtocol.swift in Sources */,
				B4A5DA2E2712BA43008BF561 /* ConsultantCellProtocol.swift in Sources */,
				B4D3FCE62715D37800CF48F4 /* Reachability.swift in Sources */,
				B464356F271D9BB700393F35 /* SessionsListHeader.swift in Sources */,
				B4EB63542712CE7400CB7122 /* NetworkManger+Service.swift in Sources */,
				B499E615270D9458007E1BC8 /* Router+RouterProtocol.swift in Sources */,
				B4643561271D7F7E00393F35 /* CustomButtonView.swift in Sources */,
				B4848B8B27117F6A00C4A643 /* UIBarButtonItem+.swift in Sources */,
				B4EB63602713055B00CB7122 /* ListScreenPresenter+ListScreenPresenterProtocol.swift in Sources */,
				B499E617270D9E62007E1BC8 /* AppCoordinator.swift in Sources */,
				B499E619270D9F48007E1BC8 /* AppCoordinator+CoordinatorProtocol.swift in Sources */,
				B4EB6366271317C500CB7122 /* ConsultantsCVSections.swift in Sources */,
				B4EB63502712CE7400CB7122 /* NetworkManager.swift in Sources */,
				B4EB635C271302C800CB7122 /* ConsultantCVAdapter+UICollectionViewDataSource.swift in Sources */,
				B499E61B270DA951007E1BC8 /* UIView+.swift in Sources */,
				B45DEDC1271BE47500ABD448 /* NoMoreConsultantsCVFooterCell.swift in Sources */,
				B4EB63512712CE7400CB7122 /* NetworkDefaults.swift in Sources */,
				B4643543271D553000393F35 /* ProfileScreenPresenterProtocol.swift in Sources */,
				B4848BB527120E3A00C4A643 /* Fonts.swift in Sources */,
				B499E5ED270D8DD3007E1BC8 /* SceneDelegate.swift in Sources */,
			);
			runOnlyForDeploymentPostprocessing = 0;
		};
/* End PBXSourcesBuildPhase section */

/* Begin PBXVariantGroup section */
		B499E5F5270D8DD4007E1BC8 /* LaunchScreen.storyboard */ = {
			isa = PBXVariantGroup;
			children = (
				B499E5F6270D8DD4007E1BC8 /* Base */,
			);
			name = LaunchScreen.storyboard;
			sourceTree = "<group>";
		};
/* End PBXVariantGroup section */

/* Begin XCBuildConfiguration section */
		B499E627270DBF2E007E1BC8 /* Demo */ = {
			isa = XCBuildConfiguration;
			buildSettings = {
				ALWAYS_SEARCH_USER_PATHS = NO;
				CLANG_ANALYZER_NONNULL = YES;
				CLANG_ANALYZER_NUMBER_OBJECT_CONVERSION = YES_AGGRESSIVE;
				CLANG_CXX_LANGUAGE_STANDARD = "gnu++14";
				CLANG_CXX_LIBRARY = "libc++";
				CLANG_ENABLE_MODULES = YES;
				CLANG_ENABLE_OBJC_ARC = YES;
				CLANG_ENABLE_OBJC_WEAK = YES;
				CLANG_WARN_BLOCK_CAPTURE_AUTORELEASING = YES;
				CLANG_WARN_BOOL_CONVERSION = YES;
				CLANG_WARN_COMMA = YES;
				CLANG_WARN_CONSTANT_CONVERSION = YES;
				CLANG_WARN_DEPRECATED_OBJC_IMPLEMENTATIONS = YES;
				CLANG_WARN_DIRECT_OBJC_ISA_USAGE = YES_ERROR;
				CLANG_WARN_DOCUMENTATION_COMMENTS = YES;
				CLANG_WARN_EMPTY_BODY = YES;
				CLANG_WARN_ENUM_CONVERSION = YES;
				CLANG_WARN_INFINITE_RECURSION = YES;
				CLANG_WARN_INT_CONVERSION = YES;
				CLANG_WARN_NON_LITERAL_NULL_CONVERSION = YES;
				CLANG_WARN_OBJC_IMPLICIT_RETAIN_SELF = YES;
				CLANG_WARN_OBJC_LITERAL_CONVERSION = YES;
				CLANG_WARN_OBJC_ROOT_CLASS = YES_ERROR;
				CLANG_WARN_QUOTED_INCLUDE_IN_FRAMEWORK_HEADER = YES;
				CLANG_WARN_RANGE_LOOP_ANALYSIS = YES;
				CLANG_WARN_STRICT_PROTOTYPES = YES;
				CLANG_WARN_SUSPICIOUS_MOVE = YES;
				CLANG_WARN_UNGUARDED_AVAILABILITY = YES_AGGRESSIVE;
				CLANG_WARN_UNREACHABLE_CODE = YES;
				CLANG_WARN__DUPLICATE_METHOD_MATCH = YES;
				COPY_PHASE_STRIP = NO;
				DEBUG_INFORMATION_FORMAT = dwarf;
				ENABLE_STRICT_OBJC_MSGSEND = YES;
				ENABLE_TESTABILITY = YES;
				GCC_C_LANGUAGE_STANDARD = gnu11;
				GCC_DYNAMIC_NO_PIC = NO;
				GCC_NO_COMMON_BLOCKS = YES;
				GCC_OPTIMIZATION_LEVEL = 0;
				GCC_PREPROCESSOR_DEFINITIONS = (
					"DEBUG=1",
					"$(inherited)",
				);
				GCC_WARN_64_TO_32_BIT_CONVERSION = YES;
				GCC_WARN_ABOUT_RETURN_TYPE = YES_ERROR;
				GCC_WARN_UNDECLARED_SELECTOR = YES;
				GCC_WARN_UNINITIALIZED_AUTOS = YES_AGGRESSIVE;
				GCC_WARN_UNUSED_FUNCTION = YES;
				GCC_WARN_UNUSED_VARIABLE = YES;
				IPHONEOS_DEPLOYMENT_TARGET = 14.5;
				MTL_ENABLE_DEBUG_INFO = INCLUDE_SOURCE;
				MTL_FAST_MATH = YES;
				ONLY_ACTIVE_ARCH = YES;
				SDKROOT = iphoneos;
				SWIFT_ACTIVE_COMPILATION_CONDITIONS = DEBUG;
				SWIFT_OPTIMIZATION_LEVEL = "-Onone";
			};
			name = Demo;
		};
		B499E628270DBF2E007E1BC8 /* Demo */ = {
			isa = XCBuildConfiguration;
			baseConfigurationReference = B499E62D270DC00C007E1BC8 /* Demo.xcconfig */;
			buildSettings = {
				ASSETCATALOG_COMPILER_APPICON_NAME = "$(APP_ICON)";
				ASSETCATALOG_COMPILER_GLOBAL_ACCENT_COLOR_NAME = AccentColor;
				CODE_SIGN_STYLE = Automatic;
				CURRENT_PROJECT_VERSION = 1;
				INFOPLIST_FILE = moshaatTask/SupportFiles/Info.plist;
				LD_RUNPATH_SEARCH_PATHS = (
					"$(inherited)",
					"@executable_path/Frameworks",
				);
				PRODUCT_BUNDLE_IDENTIFIER = "$(APP_BUNDLE_IDENTIFIER)";
				PRODUCT_NAME = "$(TARGET_NAME)";
				SWIFT_VERSION = 5.0;
				TARGETED_DEVICE_FAMILY = "1,2";
				VERSIONING_SYSTEM = "apple-generic";
			};
			name = Demo;
		};
		B499E629270DBF34007E1BC8 /* Stage */ = {
			isa = XCBuildConfiguration;
			buildSettings = {
				ALWAYS_SEARCH_USER_PATHS = NO;
				CLANG_ANALYZER_NONNULL = YES;
				CLANG_ANALYZER_NUMBER_OBJECT_CONVERSION = YES_AGGRESSIVE;
				CLANG_CXX_LANGUAGE_STANDARD = "gnu++14";
				CLANG_CXX_LIBRARY = "libc++";
				CLANG_ENABLE_MODULES = YES;
				CLANG_ENABLE_OBJC_ARC = YES;
				CLANG_ENABLE_OBJC_WEAK = YES;
				CLANG_WARN_BLOCK_CAPTURE_AUTORELEASING = YES;
				CLANG_WARN_BOOL_CONVERSION = YES;
				CLANG_WARN_COMMA = YES;
				CLANG_WARN_CONSTANT_CONVERSION = YES;
				CLANG_WARN_DEPRECATED_OBJC_IMPLEMENTATIONS = YES;
				CLANG_WARN_DIRECT_OBJC_ISA_USAGE = YES_ERROR;
				CLANG_WARN_DOCUMENTATION_COMMENTS = YES;
				CLANG_WARN_EMPTY_BODY = YES;
				CLANG_WARN_ENUM_CONVERSION = YES;
				CLANG_WARN_INFINITE_RECURSION = YES;
				CLANG_WARN_INT_CONVERSION = YES;
				CLANG_WARN_NON_LITERAL_NULL_CONVERSION = YES;
				CLANG_WARN_OBJC_IMPLICIT_RETAIN_SELF = YES;
				CLANG_WARN_OBJC_LITERAL_CONVERSION = YES;
				CLANG_WARN_OBJC_ROOT_CLASS = YES_ERROR;
				CLANG_WARN_QUOTED_INCLUDE_IN_FRAMEWORK_HEADER = YES;
				CLANG_WARN_RANGE_LOOP_ANALYSIS = YES;
				CLANG_WARN_STRICT_PROTOTYPES = YES;
				CLANG_WARN_SUSPICIOUS_MOVE = YES;
				CLANG_WARN_UNGUARDED_AVAILABILITY = YES_AGGRESSIVE;
				CLANG_WARN_UNREACHABLE_CODE = YES;
				CLANG_WARN__DUPLICATE_METHOD_MATCH = YES;
				COPY_PHASE_STRIP = NO;
				DEBUG_INFORMATION_FORMAT = dwarf;
				ENABLE_STRICT_OBJC_MSGSEND = YES;
				ENABLE_TESTABILITY = YES;
				GCC_C_LANGUAGE_STANDARD = gnu11;
				GCC_DYNAMIC_NO_PIC = NO;
				GCC_NO_COMMON_BLOCKS = YES;
				GCC_OPTIMIZATION_LEVEL = 0;
				GCC_PREPROCESSOR_DEFINITIONS = (
					"DEBUG=1",
					"$(inherited)",
				);
				GCC_WARN_64_TO_32_BIT_CONVERSION = YES;
				GCC_WARN_ABOUT_RETURN_TYPE = YES_ERROR;
				GCC_WARN_UNDECLARED_SELECTOR = YES;
				GCC_WARN_UNINITIALIZED_AUTOS = YES_AGGRESSIVE;
				GCC_WARN_UNUSED_FUNCTION = YES;
				GCC_WARN_UNUSED_VARIABLE = YES;
				IPHONEOS_DEPLOYMENT_TARGET = 14.5;
				MTL_ENABLE_DEBUG_INFO = INCLUDE_SOURCE;
				MTL_FAST_MATH = YES;
				ONLY_ACTIVE_ARCH = YES;
				SDKROOT = iphoneos;
				SWIFT_ACTIVE_COMPILATION_CONDITIONS = DEBUG;
				SWIFT_OPTIMIZATION_LEVEL = "-Onone";
			};
			name = Stage;
		};
		B499E62A270DBF34007E1BC8 /* Stage */ = {
			isa = XCBuildConfiguration;
			baseConfigurationReference = B499E62C270DBFEA007E1BC8 /* Stage.xcconfig */;
			buildSettings = {
				ASSETCATALOG_COMPILER_APPICON_NAME = "$(APP_ICON)";
				ASSETCATALOG_COMPILER_GLOBAL_ACCENT_COLOR_NAME = AccentColor;
				CODE_SIGN_STYLE = Automatic;
				CURRENT_PROJECT_VERSION = 1;
				INFOPLIST_FILE = moshaatTask/SupportFiles/Info.plist;
				LD_RUNPATH_SEARCH_PATHS = (
					"$(inherited)",
					"@executable_path/Frameworks",
				);
				PRODUCT_BUNDLE_IDENTIFIER = "$(APP_BUNDLE_IDENTIFIER)";
				PRODUCT_NAME = "$(TARGET_NAME)";
				SWIFT_VERSION = 5.0;
				TARGETED_DEVICE_FAMILY = "1,2";
				VERSIONING_SYSTEM = "apple-generic";
			};
			name = Stage;
		};
/* End XCBuildConfiguration section */

/* Begin XCConfigurationList section */
		B499E5E2270D8DD3007E1BC8 /* Build configuration list for PBXProject "moshaatTask" */ = {
			isa = XCConfigurationList;
			buildConfigurations = (
				B499E629270DBF34007E1BC8 /* Stage */,
				B499E627270DBF2E007E1BC8 /* Demo */,
			);
			defaultConfigurationIsVisible = 0;
			defaultConfigurationName = Stage;
		};
		B499E5FB270D8DD4007E1BC8 /* Build configuration list for PBXNativeTarget "moshaatTask" */ = {
			isa = XCConfigurationList;
			buildConfigurations = (
				B499E62A270DBF34007E1BC8 /* Stage */,
				B499E628270DBF2E007E1BC8 /* Demo */,
			);
			defaultConfigurationIsVisible = 0;
			defaultConfigurationName = Stage;
		};
/* End XCConfigurationList section */

/* Begin XCRemoteSwiftPackageReference section */
		B4347F632710DBF90089EBA9 /* XCRemoteSwiftPackageReference "Moya" */ = {
			isa = XCRemoteSwiftPackageReference;
			repositoryURL = "https://github.com/Moya/Moya.git";
			requirement = {
				kind = upToNextMajorVersion;
				minimumVersion = 15.0.0;
			};
		};
		B4347F6C2710DC290089EBA9 /* XCRemoteSwiftPackageReference "Kingfisher" */ = {
			isa = XCRemoteSwiftPackageReference;
			repositoryURL = "https://github.com/onevcat/Kingfisher.git";
			requirement = {
				kind = upToNextMajorVersion;
				minimumVersion = 7.0.0;
			};
		};
		B4347F6F2710DC380089EBA9 /* XCRemoteSwiftPackageReference "Toast-Swift" */ = {
			isa = XCRemoteSwiftPackageReference;
			repositoryURL = "https://github.com/scalessec/Toast-Swift.git";
			requirement = {
				kind = upToNextMajorVersion;
				minimumVersion = 5.0.1;
			};
		};
		B4A5DA312712C232008BF561 /* XCRemoteSwiftPackageReference "Cosmos" */ = {
			isa = XCRemoteSwiftPackageReference;
			repositoryURL = "https://github.com/evgenyneu/Cosmos.git";
			requirement = {
				kind = upToNextMajorVersion;
				minimumVersion = 23.0.0;
			};
		};
/* End XCRemoteSwiftPackageReference section */

/* Begin XCSwiftPackageProductDependency section */
		B4347F642710DBF90089EBA9 /* ReactiveMoya */ = {
			isa = XCSwiftPackageProductDependency;
			package = B4347F632710DBF90089EBA9 /* XCRemoteSwiftPackageReference "Moya" */;
			productName = ReactiveMoya;
		};
		B4347F662710DBF90089EBA9 /* CombineMoya */ = {
			isa = XCSwiftPackageProductDependency;
			package = B4347F632710DBF90089EBA9 /* XCRemoteSwiftPackageReference "Moya" */;
			productName = CombineMoya;
		};
		B4347F682710DBF90089EBA9 /* RxMoya */ = {
			isa = XCSwiftPackageProductDependency;
			package = B4347F632710DBF90089EBA9 /* XCRemoteSwiftPackageReference "Moya" */;
			productName = RxMoya;
		};
		B4347F6A2710DBF90089EBA9 /* Moya */ = {
			isa = XCSwiftPackageProductDependency;
			package = B4347F632710DBF90089EBA9 /* XCRemoteSwiftPackageReference "Moya" */;
			productName = Moya;
		};
		B4347F6D2710DC290089EBA9 /* Kingfisher */ = {
			isa = XCSwiftPackageProductDependency;
			package = B4347F6C2710DC290089EBA9 /* XCRemoteSwiftPackageReference "Kingfisher" */;
			productName = Kingfisher;
		};
		B4347F702710DC380089EBA9 /* Toast */ = {
			isa = XCSwiftPackageProductDependency;
			package = B4347F6F2710DC380089EBA9 /* XCRemoteSwiftPackageReference "Toast-Swift" */;
			productName = Toast;
		};
		B4A5DA322712C232008BF561 /* Cosmos */ = {
			isa = XCSwiftPackageProductDependency;
			package = B4A5DA312712C232008BF561 /* XCRemoteSwiftPackageReference "Cosmos" */;
			productName = Cosmos;
		};
/* End XCSwiftPackageProductDependency section */
	};
	rootObject = B499E5DF270D8DD3007E1BC8 /* Project object */;
}
